github.com/wowchemy/wowchemy-hugo-modules/v5 v5.3.0 h1:lGfJL+IslLK+LbUivHVFO+P9/Op4mK4zb3SlKiORKGk=
github.com/wowchemy/wowchemy-hugo-modules/v5 v5.3.0/go.mod h1:akNBhhT0UAOXSREplKkLe2wyHeo51qm6f+vqNkQkcmE=
github.com/wowchemy/wowchemy-hugo-modules/wowchemy-cms/v5 v5.0.0-20210629192904-559885af86b7/go.mod h1:Sp/AKo+2HAPi/IPHp1MEdKPmee+mzO5+efUBUPLPqPE=
github.com/wowchemy/wowchemy-hugo-modules/wowchemy-cms/v5 v5.0.0-20210811091031-81345fad46b5 h1:/diHD9slElL+EQnfhUs6XtCxRTeostlC5wIAtCOXbe4=
github.com/wowchemy/wowchemy-hugo-modules/wowchemy-cms/v5 v5.0.0-20210811091031-81345fad46b5/go.mod h1:Sp/AKo+2HAPi/IPHp1MEdKPmee+mzO5+efUBUPLPqPE=
github.com/wowchemy/wowchemy-hugo-modules/wowchemy-cms/v5 v5.0.0-20220414125706-3f178a06f495 h1:6xy0bjFd9wYSiq/6anIDJy4EQMDhqgBVcMgCbnqpSvA=
github.com/wowchemy/wowchemy-hugo-modules/wowchemy-cms/v5 v5.0.0-20220414125706-3f178a06f495/go.mod h1:Sp/AKo+2HAPi/IPHp1MEdKPmee+mzO5+efUBUPLPqPE=
github.com/wowchemy/wowchemy-hugo-modules/wowchemy-cms/v5 v5.0.0-20220424221502-30cbf912016f h1:5FR4w12F5jK8XLC1PVDROrxIDZinVHBjpZChfjZAkc0=
github.com/wowchemy/wowchemy-hugo-modules/wowchemy-cms/v5 v5.0.0-20220424221502-30cbf912016f/go.mod h1:Sp/AKo+2HAPi/IPHp1MEdKPmee+mzO5+efUBUPLPqPE=
github.com/wowchemy/wowchemy-hugo-modules/wowchemy-cms/v5 v5.0.0-20220621163145-4ce2a141a3e3 h1:QjcifwciH3+5Ok7A8NUP/8T95H508xgWfFwUJ6Y4S7Y=
github.com/wowchemy/wowchemy-hugo-modules/wowchemy-cms/v5 v5.0.0-20220621163145-4ce2a141a3e3/go.mod h1:Sp/AKo+2HAPi/IPHp1MEdKPmee+mzO5+efUBUPLPqPE=
github.com/wowchemy/wowchemy-hugo-modules/wowchemy/v5 v5.0.0-20210629192904-559885af86b7/go.mod h1:2iL9rdrUYyJXX2BeHKfK+QbqZlubCsaR60nQ87NRQTY=
github.com/wowchemy/wowchemy-hugo-modules/wowchemy/v5 v5.0.0-20210811091031-81345fad46b5 h1:rhnjupk4KOsWyULAqsplsV7gB6qfDyW8VsyleoTdiPM=
github.com/wowchemy/wowchemy-hugo-modules/wowchemy/v5 v5.0.0-20210811091031-81345fad46b5/go.mod h1:2iL9rdrUYyJXX2BeHKfK+QbqZlubCsaR60nQ87NRQTY=
github.com/wowchemy/wowchemy-hugo-modules/wowchemy/v5 v5.0.0-20220414125706-3f178a06f495 h1:PIpQDKUWHPndMHGxmBMN3eozd7/jmNxbUkJ5lNr9NLU=
github.com/wowchemy/wowchemy-hugo-modules/wowchemy/v5 v5.0.0-20220414125706-3f178a06f495/go.mod h1:2iL9rdrUYyJXX2BeHKfK+QbqZlubCsaR60nQ87NRQTY=
github.com/wowchemy/wowchemy-hugo-modules/wowchemy/v5 v5.0.0-20220424221502-30cbf912016f h1:hzxl0hq61rewaRRhXw20BZY0LpJtOjzzOhiaX7PGPHQ=
github.com/wowchemy/wowchemy-hugo-modules/wowchemy/v5 v5.0.0-20220424221502-30cbf912016f/go.mod h1:2iL9rdrUYyJXX2BeHKfK+QbqZlubCsaR60nQ87NRQTY=
github.com/wowchemy/wowchemy-hugo-modules/wowchemy/v5 v5.0.0-20220621163145-4ce2a141a3e3 h1:Je+ETrVOMECqaPAZkO6U5HS4D36t4p8D8G86dMMQo+E=
github.com/wowchemy/wowchemy-hugo-modules/wowchemy/v5 v5.0.0-20220621163145-4ce2a141a3e3/go.mod h1:2iL9rdrUYyJXX2BeHKfK+QbqZlubCsaR60nQ87NRQTY=
